# This file is generated by running "yarn install" inside your project.
# Manual changes might be lost - proceed with caution!

__metadata:
  version: 6
  cacheKey: 8

"none@npm:^1.0.0":
  version: 1.0.0
  resolution: "none@npm:1.0.0"
  checksum: 0403d0565a7f43283c79dbedcd51288abe7ad28c50d4746588dba837bec6b29d2531d19022804a0b2beb4a7d41a6c3d51b5026da93992eb30a7ab1c87a9ef6cd
  languageName: node
  linkType: hard

"yarn@workspace:.":
  version: 0.0.0-use.local
  resolution: "yarn@workspace:."
  dependencies:
    none: ^1.0.0
  languageName: unknown
  linkType: soft
